// !$*UTF8*$!
{
	archiveVersion = 1;
	classes = {
	};
	objectVersion = 46;
	objects = {

/* Begin PBXBuildFile section */
		0C07A1851A9C462500C8879C /* AppDelegate.swift in Sources */ = {isa = PBXBuildFile; fileRef = 0C07A1841A9C462500C8879C /* AppDelegate.swift */; };
		0C07A1871A9C462500C8879C /* ViewController.swift in Sources */ = {isa = PBXBuildFile; fileRef = 0C07A1861A9C462500C8879C /* ViewController.swift */; };
		0C07A18A1A9C462500C8879C /* Main.storyboard in Resources */ = {isa = PBXBuildFile; fileRef = 0C07A1881A9C462500C8879C /* Main.storyboard */; };
		0C07A18C1A9C462500C8879C /* Images.xcassets in Resources */ = {isa = PBXBuildFile; fileRef = 0C07A18B1A9C462500C8879C /* Images.xcassets */; };
		0C07A18F1A9C462500C8879C /* LaunchScreen.xib in Resources */ = {isa = PBXBuildFile; fileRef = 0C07A18D1A9C462500C8879C /* LaunchScreen.xib */; };
		0C07A19B1A9C462500C8879C /* BofaNewTests.swift in Sources */ = {isa = PBXBuildFile; fileRef = 0C07A19A1A9C462500C8879C /* BofaNewTests.swift */; };
		0C07A1A71A9C91CF00C8879C /* AccountsDataSource.swift in Sources */ = {isa = PBXBuildFile; fileRef = 0C07A1A61A9C91CF00C8879C /* AccountsDataSource.swift */; };
		0C07A1A91A9C92CF00C8879C /* WidgetData.plist in Resources */ = {isa = PBXBuildFile; fileRef = 0C07A1A81A9C92CF00C8879C /* WidgetData.plist */; };
		0C07A1AB1A9C9D6700C8879C /* StockDataSource.swift in Sources */ = {isa = PBXBuildFile; fileRef = 0C07A1AA1A9C9D6700C8879C /* StockDataSource.swift */; };
		0C07A1AD1A9CA28700C8879C /* DealsDataSource.swift in Sources */ = {isa = PBXBuildFile; fileRef = 0C07A1AC1A9CA28700C8879C /* DealsDataSource.swift */; };
		0C07A20B1AA07BCC00C8879C /* EmptySegue.swift in Sources */ = {isa = PBXBuildFile; fileRef = 0C07A20A1AA07BCC00C8879C /* EmptySegue.swift */; };
		0C26847D1AA4C08F000CC594 /* DetailTableController.swift in Sources */ = {isa = PBXBuildFile; fileRef = 0C26847C1AA4C08F000CC594 /* DetailTableController.swift */; };
		0C2684811AA548C4000CC594 /* HeaderView.swift in Sources */ = {isa = PBXBuildFile; fileRef = 0C2684801AA548C4000CC594 /* HeaderView.swift */; };
		0C2684831AA548D4000CC594 /* HeaderView.xib in Resources */ = {isa = PBXBuildFile; fileRef = 0C2684821AA548D4000CC594 /* HeaderView.xib */; };
		0C2684851AA54A49000CC594 /* DetailsList.plist in Resources */ = {isa = PBXBuildFile; fileRef = 0C2684841AA54A49000CC594 /* DetailsList.plist */; };
		0C26848A1AA54BBC000CC594 /* DealsCell.swift in Sources */ = {isa = PBXBuildFile; fileRef = 0C2684881AA54BBC000CC594 /* DealsCell.swift */; };
		0C26848B1AA54BBC000CC594 /* DealsCell.xib in Resources */ = {isa = PBXBuildFile; fileRef = 0C2684891AA54BBC000CC594 /* DealsCell.xib */; };
		0C26848E1AA54BCB000CC594 /* AccountCell.swift in Sources */ = {isa = PBXBuildFile; fileRef = 0C26848C1AA54BCB000CC594 /* AccountCell.swift */; };
		0C26848F1AA54BCB000CC594 /* AccountCell.xib in Resources */ = {isa = PBXBuildFile; fileRef = 0C26848D1AA54BCB000CC594 /* AccountCell.xib */; };
		0C2684921AA54BE7000CC594 /* StockCell.swift in Sources */ = {isa = PBXBuildFile; fileRef = 0C2684901AA54BE7000CC594 /* StockCell.swift */; };
		0C2684931AA54BE7000CC594 /* StockCell.xib in Resources */ = {isa = PBXBuildFile; fileRef = 0C2684911AA54BE7000CC594 /* StockCell.xib */; };
		0C465B4D1AA3508F00E517A5 /* RootController.swift in Sources */ = {isa = PBXBuildFile; fileRef = 0C465B4C1AA3508F00E517A5 /* RootController.swift */; };
		0C465B501AA35C7400E517A5 /* SwipeTopSegue.swift in Sources */ = {isa = PBXBuildFile; fileRef = 0C465B4F1AA35C7400E517A5 /* SwipeTopSegue.swift */; };
		0C68D59C1AA0415E009620FD /* SummaryController.swift in Sources */ = {isa = PBXBuildFile; fileRef = 0C68D59B1AA0415E009620FD /* SummaryController.swift */; };
		0C68D59E1AA0416F009620FD /* DetailController.swift in Sources */ = {isa = PBXBuildFile; fileRef = 0C68D59D1AA0416F009620FD /* DetailController.swift */; };
/* End PBXBuildFile section */

/* Begin PBXContainerItemProxy section */
		0C07A1951A9C462500C8879C /* PBXContainerItemProxy */ = {
			isa = PBXContainerItemProxy;
			containerPortal = 0C07A1771A9C462500C8879C /* Project object */;
			proxyType = 1;
			remoteGlobalIDString = 0C07A17E1A9C462500C8879C;
			remoteInfo = BofaNew;
		};
/* End PBXContainerItemProxy section */

/* Begin PBXFileReference section */
		0C07A17F1A9C462500C8879C /* BofaNew.app */ = {isa = PBXFileReference; explicitFileType = wrapper.application; includeInIndex = 0; path = BofaNew.app; sourceTree = BUILT_PRODUCTS_DIR; };
		0C07A1831A9C462500C8879C /* Info.plist */ = {isa = PBXFileReference; lastKnownFileType = text.plist.xml; path = Info.plist; sourceTree = "<group>"; };
		0C07A1841A9C462500C8879C /* AppDelegate.swift */ = {isa = PBXFileReference; lastKnownFileType = sourcecode.swift; path = AppDelegate.swift; sourceTree = "<group>"; };
		0C07A1861A9C462500C8879C /* ViewController.swift */ = {isa = PBXFileReference; lastKnownFileType = sourcecode.swift; path = ViewController.swift; sourceTree = "<group>"; };
		0C07A1891A9C462500C8879C /* Base */ = {isa = PBXFileReference; lastKnownFileType = file.storyboard; name = Base; path = Base.lproj/Main.storyboard; sourceTree = "<group>"; };
		0C07A18B1A9C462500C8879C /* Images.xcassets */ = {isa = PBXFileReference; lastKnownFileType = folder.assetcatalog; path = Images.xcassets; sourceTree = "<group>"; };
		0C07A18E1A9C462500C8879C /* Base */ = {isa = PBXFileReference; lastKnownFileType = file.xib; name = Base; path = Base.lproj/LaunchScreen.xib; sourceTree = "<group>"; };
		0C07A1941A9C462500C8879C /* BofaNewTests.xctest */ = {isa = PBXFileReference; explicitFileType = wrapper.cfbundle; includeInIndex = 0; path = BofaNewTests.xctest; sourceTree = BUILT_PRODUCTS_DIR; };
		0C07A1991A9C462500C8879C /* Info.plist */ = {isa = PBXFileReference; lastKnownFileType = text.plist.xml; path = Info.plist; sourceTree = "<group>"; };
		0C07A19A1A9C462500C8879C /* BofaNewTests.swift */ = {isa = PBXFileReference; lastKnownFileType = sourcecode.swift; path = BofaNewTests.swift; sourceTree = "<group>"; };
		0C07A1A61A9C91CF00C8879C /* AccountsDataSource.swift */ = {isa = PBXFileReference; fileEncoding = 4; lastKnownFileType = sourcecode.swift; name = AccountsDataSource.swift; path = BofaNew/AccountsDataSource.swift; sourceTree = "<group>"; };
		0C07A1A81A9C92CF00C8879C /* WidgetData.plist */ = {isa = PBXFileReference; fileEncoding = 4; lastKnownFileType = text.plist.xml; name = WidgetData.plist; path = BofaNew/WidgetData.plist; sourceTree = "<group>"; };
		0C07A1AA1A9C9D6700C8879C /* StockDataSource.swift */ = {isa = PBXFileReference; fileEncoding = 4; lastKnownFileType = sourcecode.swift; name = StockDataSource.swift; path = BofaNew/StockDataSource.swift; sourceTree = "<group>"; };
		0C07A1AC1A9CA28700C8879C /* DealsDataSource.swift */ = {isa = PBXFileReference; fileEncoding = 4; lastKnownFileType = sourcecode.swift; name = DealsDataSource.swift; path = BofaNew/DealsDataSource.swift; sourceTree = "<group>"; };
		0C07A20A1AA07BCC00C8879C /* EmptySegue.swift */ = {isa = PBXFileReference; fileEncoding = 4; lastKnownFileType = sourcecode.swift; name = EmptySegue.swift; path = BofaNew/EmptySegue.swift; sourceTree = "<group>"; };
		0C26847C1AA4C08F000CC594 /* DetailTableController.swift */ = {isa = PBXFileReference; fileEncoding = 4; lastKnownFileType = sourcecode.swift; path = DetailTableController.swift; sourceTree = "<group>"; };
		0C2684801AA548C4000CC594 /* HeaderView.swift */ = {isa = PBXFileReference; fileEncoding = 4; lastKnownFileType = sourcecode.swift; path = HeaderView.swift; sourceTree = "<group>"; };
		0C2684821AA548D4000CC594 /* HeaderView.xib */ = {isa = PBXFileReference; fileEncoding = 4; lastKnownFileType = file.xib; path = HeaderView.xib; sourceTree = "<group>"; };
		0C2684841AA54A49000CC594 /* DetailsList.plist */ = {isa = PBXFileReference; fileEncoding = 4; lastKnownFileType = text.plist.xml; path = DetailsList.plist; sourceTree = "<group>"; };
		0C2684881AA54BBC000CC594 /* DealsCell.swift */ = {isa = PBXFileReference; fileEncoding = 4; lastKnownFileType = sourcecode.swift; path = DealsCell.swift; sourceTree = "<group>"; };
		0C2684891AA54BBC000CC594 /* DealsCell.xib */ = {isa = PBXFileReference; fileEncoding = 4; lastKnownFileType = file.xib; path = DealsCell.xib; sourceTree = "<group>"; };
		0C26848C1AA54BCB000CC594 /* AccountCell.swift */ = {isa = PBXFileReference; fileEncoding = 4; lastKnownFileType = sourcecode.swift; path = AccountCell.swift; sourceTree = "<group>"; };
		0C26848D1AA54BCB000CC594 /* AccountCell.xib */ = {isa = PBXFileReference; fileEncoding = 4; lastKnownFileType = file.xib; path = AccountCell.xib; sourceTree = "<group>"; };
		0C2684901AA54BE7000CC594 /* StockCell.swift */ = {isa = PBXFileReference; fileEncoding = 4; lastKnownFileType = sourcecode.swift; path = StockCell.swift; sourceTree = "<group>"; };
		0C2684911AA54BE7000CC594 /* StockCell.xib */ = {isa = PBXFileReference; fileEncoding = 4; lastKnownFileType = file.xib; path = StockCell.xib; sourceTree = "<group>"; };
		0C465B4C1AA3508F00E517A5 /* RootController.swift */ = {isa = PBXFileReference; fileEncoding = 4; lastKnownFileType = sourcecode.swift; path = RootController.swift; sourceTree = "<group>"; };
		0C465B4F1AA35C7400E517A5 /* SwipeTopSegue.swift */ = {isa = PBXFileReference; fileEncoding = 4; lastKnownFileType = sourcecode.swift; path = SwipeTopSegue.swift; sourceTree = "<group>"; };
		0C68D59B1AA0415E009620FD /* SummaryController.swift */ = {isa = PBXFileReference; fileEncoding = 4; lastKnownFileType = sourcecode.swift; path = SummaryController.swift; sourceTree = "<group>"; };
		0C68D59D1AA0416F009620FD /* DetailController.swift */ = {isa = PBXFileReference; fileEncoding = 4; lastKnownFileType = sourcecode.swift; path = DetailController.swift; sourceTree = "<group>"; };
/* End PBXFileReference section */

/* Begin PBXFrameworksBuildPhase section */
		0C07A17C1A9C462500C8879C /* Frameworks */ = {
			isa = PBXFrameworksBuildPhase;
			buildActionMask = 2147483647;
			files = (
			);
			runOnlyForDeploymentPostprocessing = 0;
		};
		0C07A1911A9C462500C8879C /* Frameworks */ = {
			isa = PBXFrameworksBuildPhase;
			buildActionMask = 2147483647;
			files = (
			);
			runOnlyForDeploymentPostprocessing = 0;
		};
/* End PBXFrameworksBuildPhase section */

/* Begin PBXGroup section */
		0C07A1761A9C462500C8879C = {
			isa = PBXGroup;
			children = (
				0C2684871AA54A5F000CC594 /* Controllers */,
				0C2684861AA54A4D000CC594 /* DB */,
				0C26847F1AA548A5000CC594 /* TableViewCells */,
				0C26847E1AA54896000CC594 /* Views */,
				0C465B4E1AA3528800E517A5 /* Segues */,
				0C465B4B1AA2CF4F00E517A5 /* TableDataSources */,
				0C07A1811A9C462500C8879C /* BofaNew */,
				0C07A1971A9C462500C8879C /* BofaNewTests */,
				0C07A1801A9C462500C8879C /* Products */,
			);
			sourceTree = "<group>";
		};
		0C07A1801A9C462500C8879C /* Products */ = {
			isa = PBXGroup;
			children = (
				0C07A17F1A9C462500C8879C /* BofaNew.app */,
				0C07A1941A9C462500C8879C /* BofaNewTests.xctest */,
			);
			name = Products;
			sourceTree = "<group>";
		};
		0C07A1811A9C462500C8879C /* BofaNew */ = {
			isa = PBXGroup;
			children = (
				0C07A1841A9C462500C8879C /* AppDelegate.swift */,
				0C07A1861A9C462500C8879C /* ViewController.swift */,
				0C07A1881A9C462500C8879C /* Main.storyboard */,
				0C07A18B1A9C462500C8879C /* Images.xcassets */,
				0C07A18D1A9C462500C8879C /* LaunchScreen.xib */,
				0C07A1821A9C462500C8879C /* Supporting Files */,
				0C68D59B1AA0415E009620FD /* SummaryController.swift */,
				0C68D59D1AA0416F009620FD /* DetailController.swift */,
				0C465B4C1AA3508F00E517A5 /* RootController.swift */,
				0C26847C1AA4C08F000CC594 /* DetailTableController.swift */,
			);
			path = BofaNew;
			sourceTree = "<group>";
		};
		0C07A1821A9C462500C8879C /* Supporting Files */ = {
			isa = PBXGroup;
			children = (
				0C07A1831A9C462500C8879C /* Info.plist */,
			);
			name = "Supporting Files";
			sourceTree = "<group>";
		};
		0C07A1971A9C462500C8879C /* BofaNewTests */ = {
			isa = PBXGroup;
			children = (
				0C07A19A1A9C462500C8879C /* BofaNewTests.swift */,
				0C07A1981A9C462500C8879C /* Supporting Files */,
			);
			path = BofaNewTests;
			sourceTree = "<group>";
		};
		0C07A1981A9C462500C8879C /* Supporting Files */ = {
			isa = PBXGroup;
			children = (
				0C07A1991A9C462500C8879C /* Info.plist */,
			);
			name = "Supporting Files";
			sourceTree = "<group>";
		};
		0C26847E1AA54896000CC594 /* Views */ = {
			isa = PBXGroup;
			children = (
				0C2684801AA548C4000CC594 /* HeaderView.swift */,
				0C2684821AA548D4000CC594 /* HeaderView.xib */,
			);
			name = Views;
			sourceTree = "<group>";
		};
		0C26847F1AA548A5000CC594 /* TableViewCells */ = {
			isa = PBXGroup;
			children = (
				0C2684881AA54BBC000CC594 /* DealsCell.swift */,
				0C2684891AA54BBC000CC594 /* DealsCell.xib */,
				0C26848C1AA54BCB000CC594 /* AccountCell.swift */,
				0C26848D1AA54BCB000CC594 /* AccountCell.xib */,
				0C2684901AA54BE7000CC594 /* StockCell.swift */,
				0C2684911AA54BE7000CC594 /* StockCell.xib */,
			);
			name = TableViewCells;
			sourceTree = "<group>";
		};
		0C2684861AA54A4D000CC594 /* DB */ = {
			isa = PBXGroup;
			children = (
				0C07A1A81A9C92CF00C8879C /* WidgetData.plist */,
				0C2684841AA54A49000CC594 /* DetailsList.plist */,
			);
			name = DB;
			sourceTree = "<group>";
		};
		0C2684871AA54A5F000CC594 /* Controllers */ = {
			isa = PBXGroup;
			children = (
			);
			name = Controllers;
			sourceTree = "<group>";
		};
		0C465B4B1AA2CF4F00E517A5 /* TableDataSources */ = {
			isa = PBXGroup;
			children = (
				0C07A1AA1A9C9D6700C8879C /* StockDataSource.swift */,
				0C07A1AC1A9CA28700C8879C /* DealsDataSource.swift */,
				0C07A1A61A9C91CF00C8879C /* AccountsDataSource.swift */,
			);
			name = TableDataSources;
			sourceTree = "<group>";
		};
		0C465B4E1AA3528800E517A5 /* Segues */ = {
			isa = PBXGroup;
			children = (
				0C07A20A1AA07BCC00C8879C /* EmptySegue.swift */,
				0C465B4F1AA35C7400E517A5 /* SwipeTopSegue.swift */,
			);
			name = Segues;
			sourceTree = "<group>";
		};
/* End PBXGroup section */

/* Begin PBXNativeTarget section */
		0C07A17E1A9C462500C8879C /* BofaNew */ = {
			isa = PBXNativeTarget;
			buildConfigurationList = 0C07A19E1A9C462500C8879C /* Build configuration list for PBXNativeTarget "BofaNew" */;
			buildPhases = (
				0C07A17B1A9C462500C8879C /* Sources */,
				0C07A17C1A9C462500C8879C /* Frameworks */,
				0C07A17D1A9C462500C8879C /* Resources */,
			);
			buildRules = (
			);
			dependencies = (
			);
			name = BofaNew;
			productName = BofaNew;
			productReference = 0C07A17F1A9C462500C8879C /* BofaNew.app */;
			productType = "com.apple.product-type.application";
		};
		0C07A1931A9C462500C8879C /* BofaNewTests */ = {
			isa = PBXNativeTarget;
			buildConfigurationList = 0C07A1A11A9C462500C8879C /* Build configuration list for PBXNativeTarget "BofaNewTests" */;
			buildPhases = (
				0C07A1901A9C462500C8879C /* Sources */,
				0C07A1911A9C462500C8879C /* Frameworks */,
				0C07A1921A9C462500C8879C /* Resources */,
			);
			buildRules = (
			);
			dependencies = (
				0C07A1961A9C462500C8879C /* PBXTargetDependency */,
			);
			name = BofaNewTests;
			productName = BofaNewTests;
			productReference = 0C07A1941A9C462500C8879C /* BofaNewTests.xctest */;
			productType = "com.apple.product-type.bundle.unit-test";
		};
/* End PBXNativeTarget section */

/* Begin PBXProject section */
		0C07A1771A9C462500C8879C /* Project object */ = {
			isa = PBXProject;
			attributes = {
				LastSwiftMigration = 0720;
				LastSwiftUpdateCheck = 0720;
				LastUpgradeCheck = 0600;
				ORGANIZATIONNAME = "Ramesh Khanna";
				TargetAttributes = {
					0C07A17E1A9C462500C8879C = {
						CreatedOnToolsVersion = 6.0;
					};
					0C07A1931A9C462500C8879C = {
						CreatedOnToolsVersion = 6.0;
						TestTargetID = 0C07A17E1A9C462500C8879C;
					};
				};
			};
			buildConfigurationList = 0C07A17A1A9C462500C8879C /* Build configuration list for PBXProject "BofaNew" */;
			compatibilityVersion = "Xcode 3.2";
			developmentRegion = English;
			hasScannedForEncodings = 0;
			knownRegions = (
				en,
				Base,
			);
			mainGroup = 0C07A1761A9C462500C8879C;
			productRefGroup = 0C07A1801A9C462500C8879C /* Products */;
			projectDirPath = "";
			projectRoot = "";
			targets = (
				0C07A17E1A9C462500C8879C /* BofaNew */,
				0C07A1931A9C462500C8879C /* BofaNewTests */,
			);
		};
/* End PBXProject section */

/* Begin PBXResourcesBuildPhase section */
		0C07A17D1A9C462500C8879C /* Resources */ = {
			isa = PBXResourcesBuildPhase;
			buildActionMask = 2147483647;
			files = (
				0C07A1A91A9C92CF00C8879C /* WidgetData.plist in Resources */,
				0C2684831AA548D4000CC594 /* HeaderView.xib in Resources */,
				0C07A18A1A9C462500C8879C /* Main.storyboard in Resources */,
				0C2684851AA54A49000CC594 /* DetailsList.plist in Resources */,
				0C2684931AA54BE7000CC594 /* StockCell.xib in Resources */,
				0C26848B1AA54BBC000CC594 /* DealsCell.xib in Resources */,
				0C26848F1AA54BCB000CC594 /* AccountCell.xib in Resources */,
				0C07A18F1A9C462500C8879C /* LaunchScreen.xib in Resources */,
				0C07A18C1A9C462500C8879C /* Images.xcassets in Resources */,
			);
			runOnlyForDeploymentPostprocessing = 0;
		};
		0C07A1921A9C462500C8879C /* Resources */ = {
			isa = PBXResourcesBuildPhase;
			buildActionMask = 2147483647;
			files = (
			);
			runOnlyForDeploymentPostprocessing = 0;
		};
/* End PBXResourcesBuildPhase section */

/* Begin PBXSourcesBuildPhase section */
		0C07A17B1A9C462500C8879C /* Sources */ = {
			isa = PBXSourcesBuildPhase;
			buildActionMask = 2147483647;
			files = (
				0C68D59C1AA0415E009620FD /* SummaryController.swift in Sources */,
				0C68D59E1AA0416F009620FD /* DetailController.swift in Sources */,
				0C465B501AA35C7400E517A5 /* SwipeTopSegue.swift in Sources */,
				0C26847D1AA4C08F000CC594 /* DetailTableController.swift in Sources */,
				0C07A1A71A9C91CF00C8879C /* AccountsDataSource.swift in Sources */,
				0C26848E1AA54BCB000CC594 /* AccountCell.swift in Sources */,
				0C07A20B1AA07BCC00C8879C /* EmptySegue.swift in Sources */,
				0C07A1AD1A9CA28700C8879C /* DealsDataSource.swift in Sources */,
				0C26848A1AA54BBC000CC594 /* DealsCell.swift in Sources */,
				0C2684811AA548C4000CC594 /* HeaderView.swift in Sources */,
				0C465B4D1AA3508F00E517A5 /* RootController.swift in Sources */,
				0C07A1871A9C462500C8879C /* ViewController.swift in Sources */,
				0C07A1AB1A9C9D6700C8879C /* StockDataSource.swift in Sources */,
				0C07A1851A9C462500C8879C /* AppDelegate.swift in Sources */,
				0C2684921AA54BE7000CC594 /* StockCell.swift in Sources */,
			);
			runOnlyForDeploymentPostprocessing = 0;
		};
		0C07A1901A9C462500C8879C /* Sources */ = {
			isa = PBXSourcesBuildPhase;
			buildActionMask = 2147483647;
			files = (
				0C07A19B1A9C462500C8879C /* BofaNewTests.swift in Sources */,
			);
			runOnlyForDeploymentPostprocessing = 0;
		};
/* End PBXSourcesBuildPhase section */

/* Begin PBXTargetDependency section */
		0C07A1961A9C462500C8879C /* PBXTargetDependency */ = {
			isa = PBXTargetDependency;
			target = 0C07A17E1A9C462500C8879C /* BofaNew */;
			targetProxy = 0C07A1951A9C462500C8879C /* PBXContainerItemProxy */;
		};
/* End PBXTargetDependency section */

/* Begin PBXVariantGroup section */
		0C07A1881A9C462500C8879C /* Main.storyboard */ = {
			isa = PBXVariantGroup;
			children = (
				0C07A1891A9C462500C8879C /* Base */,
			);
			name = Main.storyboard;
			sourceTree = "<group>";
		};
		0C07A18D1A9C462500C8879C /* LaunchScreen.xib */ = {
			isa = PBXVariantGroup;
			children = (
				0C07A18E1A9C462500C8879C /* Base */,
			);
			name = LaunchScreen.xib;
			sourceTree = "<group>";
		};
/* End PBXVariantGroup section */

/* Begin XCBuildConfiguration section */
		0C07A19C1A9C462500C8879C /* Debug */ = {
			isa = XCBuildConfiguration;
			buildSettings = {
				ALWAYS_SEARCH_USER_PATHS = NO;
				CLANG_CXX_LANGUAGE_STANDARD = "gnu++0x";
				CLANG_CXX_LIBRARY = "libc++";
				CLANG_ENABLE_MODULES = YES;
				CLANG_ENABLE_OBJC_ARC = YES;
				CLANG_WARN_BOOL_CONVERSION = YES;
				CLANG_WARN_CONSTANT_CONVERSION = YES;
				CLANG_WARN_DIRECT_OBJC_ISA_USAGE = YES_ERROR;
				CLANG_WARN_EMPTY_BODY = YES;
				CLANG_WARN_ENUM_CONVERSION = YES;
				CLANG_WARN_INT_CONVERSION = YES;
				CLANG_WARN_OBJC_ROOT_CLASS = YES_ERROR;
				CLANG_WARN_UNREACHABLE_CODE = YES;
				CLANG_WARN__DUPLICATE_METHOD_MATCH = YES;
				"CODE_SIGN_IDENTITY[sdk=iphoneos*]" = "iPhone Developer";
				COPY_PHASE_STRIP = NO;
				ENABLE_STRICT_OBJC_MSGSEND = YES;
				GCC_C_LANGUAGE_STANDARD = gnu99;
				GCC_DYNAMIC_NO_PIC = NO;
				GCC_OPTIMIZATION_LEVEL = 0;
				GCC_PREPROCESSOR_DEFINITIONS = (
					"DEBUG=1",
					"$(inherited)",
				);
				GCC_SYMBOLS_PRIVATE_EXTERN = NO;
				GCC_WARN_64_TO_32_BIT_CONVERSION = YES;
				GCC_WARN_ABOUT_RETURN_TYPE = YES_ERROR;
				GCC_WARN_UNDECLARED_SELECTOR = YES;
				GCC_WARN_UNINITIALIZED_AUTOS = YES_AGGRESSIVE;
				GCC_WARN_UNUSED_FUNCTION = YES;
				GCC_WARN_UNUSED_VARIABLE = YES;
				IPHONEOS_DEPLOYMENT_TARGET = 8.0;
				MTL_ENABLE_DEBUG_INFO = YES;
				ONLY_ACTIVE_ARCH = YES;
				SDKROOT = iphoneos;
				SWIFT_OPTIMIZATION_LEVEL = "-Onone";
				TARGETED_DEVICE_FAMILY = "1,2";
			};
			name = Debug;
		};
		0C07A19D1A9C462500C8879C /* Release */ = {
			isa = XCBuildConfiguration;
			buildSettings = {
				ALWAYS_SEARCH_USER_PATHS = NO;
				CLANG_CXX_LANGUAGE_STANDARD = "gnu++0x";
				CLANG_CXX_LIBRARY = "libc++";
				CLANG_ENABLE_MODULES = YES;
				CLANG_ENABLE_OBJC_ARC = YES;
				CLANG_WARN_BOOL_CONVERSION = YES;
				CLANG_WARN_CONSTANT_CONVERSION = YES;
				CLANG_WARN_DIRECT_OBJC_ISA_USAGE = YES_ERROR;
				CLANG_WARN_EMPTY_BODY = YES;
				CLANG_WARN_ENUM_CONVERSION = YES;
				CLANG_WARN_INT_CONVERSION = YES;
				CLANG_WARN_OBJC_ROOT_CLASS = YES_ERROR;
				CLANG_WARN_UNREACHABLE_CODE = YES;
				CLANG_WARN__DUPLICATE_METHOD_MATCH = YES;
				"CODE_SIGN_IDENTITY[sdk=iphoneos*]" = "iPhone Developer";
				COPY_PHASE_STRIP = YES;
				ENABLE_NS_ASSERTIONS = NO;
				ENABLE_STRICT_OBJC_MSGSEND = YES;
				GCC_C_LANGUAGE_STANDARD = gnu99;
				GCC_WARN_64_TO_32_BIT_CONVERSION = YES;
				GCC_WARN_ABOUT_RETURN_TYPE = YES_ERROR;
				GCC_WARN_UNDECLARED_SELECTOR = YES;
				GCC_WARN_UNINITIALIZED_AUTOS = YES_AGGRESSIVE;
				GCC_WARN_UNUSED_FUNCTION = YES;
				GCC_WARN_UNUSED_VARIABLE = YES;
				IPHONEOS_DEPLOYMENT_TARGET = 8.0;
				MTL_ENABLE_DEBUG_INFO = NO;
				SDKROOT = iphoneos;
				TARGETED_DEVICE_FAMILY = "1,2";
				VALIDATE_PRODUCT = YES;
			};
			name = Release;
		};
		0C07A19F1A9C462500C8879C /* Debug */ = {
			isa = XCBuildConfiguration;
			buildSettings = {
				ASSETCATALOG_COMPILER_APPICON_NAME = AppIcon;
				ASSETCATALOG_COMPILER_LAUNCHIMAGE_NAME = LaunchImage;
				CODE_SIGN_IDENTITY = "iPhone Developer: Ignacio Segovia (7WD8WNMJ5L)";
				"CODE_SIGN_IDENTITY[sdk=iphoneos*]" = "iPhone Developer: Ignacio Segovia (7WD8WNMJ5L)";
				INFOPLIST_FILE = BofaNew/Info.plist;
				LD_RUNPATH_SEARCH_PATHS = "$(inherited) @executable_path/Frameworks";
				PRODUCT_NAME = "$(TARGET_NAME)";
				PROVISIONING_PROFILE = "e4a1e48e-422f-4f07-9772-c84c13906c25";
			};
			name = Debug;
		};
		0C07A1A01A9C462500C8879C /* Release */ = {
			isa = XCBuildConfiguration;
			buildSettings = {
				ASSETCATALOG_COMPILER_APPICON_NAME = AppIcon;
				ASSETCATALOG_COMPILER_LAUNCHIMAGE_NAME = LaunchImage;
				INFOPLIST_FILE = BofaNew/Info.plist;
				LD_RUNPATH_SEARCH_PATHS = "$(inherited) @executable_path/Frameworks";
				PRODUCT_NAME = "$(TARGET_NAME)";
				PROVISIONING_PROFILE = "e4a1e48e-422f-4f07-9772-c84c13906c25";
			};
			name = Release;
		};
		0C07A1A21A9C462500C8879C /* Debug */ = {
			isa = XCBuildConfiguration;
			buildSettings = {
				BUNDLE_LOADER = "$(TEST_HOST)";
				FRAMEWORK_SEARCH_PATHS = (
					"$(SDKROOT)/Developer/Library/Frameworks",
					"$(inherited)",
				);
				GCC_PREPROCESSOR_DEFINITIONS = (
					"DEBUG=1",
					"$(inherited)",
				);
				INFOPLIST_FILE = BofaNewTests/Info.plist;
				LD_RUNPATH_SEARCH_PATHS = "$(inherited) @executable_path/Frameworks @loader_path/Frameworks";
				PRODUCT_NAME = "$(TARGET_NAME)";
				TEST_HOST = "$(BUILT_PRODUCTS_DIR)/BofaNew.app/BofaNew";
			};
			name = Debug;
		};
		0C07A1A31A9C462500C8879C /* Release */ = {
			isa = XCBuildConfiguration;
			buildSettings = {
				BUNDLE_LOADER = "$(TEST_HOST)";
				FRAMEWORK_SEARCH_PATHS = (
					"$(SDKROOT)/Developer/Library/Frameworks",
					"$(inherited)",
				);
				INFOPLIST_FILE = BofaNewTests/Info.plist;
				LD_RUNPATH_SEARCH_PATHS = "$(inherited) @executable_path/Frameworks @loader_path/Frameworks";
				PRODUCT_NAME = "$(TARGET_NAME)";
				TEST_HOST = "$(BUILT_PRODUCTS_DIR)/BofaNew.app/BofaNew";
			};
			name = Release;
		};
/* End XCBuildConfiguration section */

/* Begin XCConfigurationList section */
		0C07A17A1A9C462500C8879C /* Build configuration list for PBXProject "BofaNew" */ = {
			isa = XCConfigurationList;
			buildConfigurations = (
				0C07A19C1A9C462500C8879C /* Debug */,
				0C07A19D1A9C462500C8879C /* Release */,
			);
			defaultConfigurationIsVisible = 0;
			defaultConfigurationName = Release;
		};
		0C07A19E1A9C462500C8879C /* Build configuration list for PBXNativeTarget "BofaNew" */ = {
			isa = XCConfigurationList;
			buildConfigurations = (
				0C07A19F1A9C462500C8879C /* Debug */,
				0C07A1A01A9C462500C8879C /* Release */,
			);
			defaultConfigurationIsVisible = 0;
			defaultConfigurationName = Release;
		};
		0C07A1A11A9C462500C8879C /* Build configuration list for PBXNativeTarget "BofaNewTests" */ = {
			isa = XCConfigurationList;
			buildConfigurations = (
				0C07A1A21A9C462500C8879C /* Debug */,
				0C07A1A31A9C462500C8879C /* Release */,
			);
			defaultConfigurationIsVisible = 0;
			defaultConfigurationName = Release;
		};
/* End XCConfigurationList section */
	};
	rootObject = 0C07A1771A9C462500C8879C /* Project object */;
}
